
Microsoft Visual Studio Solution File, Format Version 12.00
# Visual Studio Version 17
VisualStudioVersion = 17.1.32210.238
MinimumVisualStudioVersion = 10.0.40219.1
Project("{FAE04EC0-301F-11D3-BF4B-00C04F79EFBC}") = "6", "6\6.csproj", "{9E0444A5-5C27-40E4-9F23-249878AD8FDF}"
EndProject
Global
	GlobalSection(SolutionConfigurationPlatforms) = preSolution
		Debug|Any CPU = Debug|Any CPU
		Release|Any CPU = Release|Any CPU
	EndGlobalSection
	GlobalSection(ProjectConfigurationPlatforms) = postSolution
		{9E0444A5-5C27-40E4-9F23-249878AD8FDF}.Debug|Any CPU.ActiveCfg = Debug|Any CPU
		{9E0444A5-5C27-40E4-9F23-249878AD8FDF}.Debug|Any CPU.Build.0 = Debug|Any CPU
		{9E0444A5-5C27-40E4-9F23-249878AD8FDF}.Release|Any CPU.ActiveCfg = Release|Any CPU
		{9E0444A5-5C27-40E4-9F23-249878AD8FDF}.Release|Any CPU.Build.0 = Release|Any CPU
	EndGlobalSection
	GlobalSection(SolutionProperties) = preSolution
		HideSolutionNode = FALSE
	EndGlobalSection
	GlobalSection(ExtensibilityGlobals) = postSolution
		SolutionGuid = {926E23BB-83CF-481D-9AC8-4A7F9D99E50E}
	EndGlobalSection
EndGlobal
